
Microsoft Visual Studio Solution File, Format Version 12.00
# Visual Studio 15
VisualStudioVersion = 15.0.28307.1705
MinimumVisualStudioVersion = 10.0.40219.1
Project("{888888A0-9F3D-457C-B088-3A5042F75D52}") = "dns-query-io", "dns-query-io\dns-query-io.pyproj", "{D81F9C48-3AE9-4AFB-A710-8734120EC5A7}"
EndProject
Global
	GlobalSection(SolutionConfigurationPlatforms) = preSolution
		Debug|Any CPU = Debug|Any CPU
		Release|Any CPU = Release|Any CPU
	EndGlobalSection
	GlobalSection(ProjectConfigurationPlatforms) = postSolution
		{D81F9C48-3AE9-4AFB-A710-8734120EC5A7}.Debug|Any CPU.ActiveCfg = Debug|Any CPU
		{D81F9C48-3AE9-4AFB-A710-8734120EC5A7}.Release|Any CPU.ActiveCfg = Release|Any CPU
	EndGlobalSection
	GlobalSection(SolutionProperties) = preSolution
		HideSolutionNode = FALSE
	EndGlobalSection
	GlobalSection(ExtensibilityGlobals) = postSolution
		SolutionGuid = {AC4EF0AD-F457-4361-99A8-C2C0F373B216}
	EndGlobalSection
EndGlobal
